PODS:
  - Flutter (1.0.0)
  - integration_test (0.0.1):
    - Flutter
  - pdfrx (0.0.1):
    - Flutter
    - FlutterMacOS

DEPENDENCIES:
  - Flutter (from `Flutter`)
  - integration_test (from `.symlinks/plugins/integration_test/ios`)
  - pdfrx (from `.symlinks/plugins/pdfrx/darwin`)

EXTERNAL SOURCES:
  Flutter:
    :path: Flutter
  integration_test:
    :path: ".symlinks/plugins/integration_test/ios"
  pdfrx:
    :path: ".symlinks/plugins/pdfrx/darwin"

SPEC CHECKSUMS:
  Flutter: f04841e97a9d0b0a8025694d0796dd46242b2854
  integration_test: 13825b8a9334a850581300559b8839134b124670
  pdfrx: fe35c387faa13ab7fe65b2e1739341000a42787a

PODFILE CHECKSUM: a57f30d18f102dd3ce366b1d62a55ecbef2158e5

COCOAPODS: 1.14.3
